{
  "nodes": {
    "crane": {
      "locked": {
        "lastModified": 1752946753,
        "narHash": "sha256-g5uP3jIj+STUcfTJDKYopxnSijs2agRg13H0SGL5iE4=",
        "rev": "544d09fecc8c2338542c57f3f742f1a0c8c71e13",
        "revCount": 744,
        "type": "tarball",
        "url": "https://api.flakehub.com/f/pinned/ipetkov/crane/0.21.0/019823c9-9d32-7d49-aa52-b8209fd297f7/source.tar.gz"
      },
      "original": {
        "type": "tarball",
        "url": "https://flakehub.com/f/ipetkov/crane/0"
      }
    },
    "fenix": {
      "inputs": {
        "nixpkgs": [
          "nixpkgs"
        ],
        "rust-analyzer-src": "rust-analyzer-src"
      },
      "locked": {
        "lastModified": 1754030776,
        "narHash": "sha256-EA7Qh5OUc3tgYrLHfG7zU6wxltvWsJ0+sFxOcVsbjOY=",
        "rev": "451f184de2958f8e725acba046ec10670dd771a1",
        "revCount": 2342,
        "type": "tarball",
        "url": "https://api.flakehub.com/f/pinned/nix-community/fenix/0.1.2342%2Brev-451f184de2958f8e725acba046ec10670dd771a1/019864bb-9457-74e4-91eb-576a61bf0c54/source.tar.gz"
      },
      "original": {
        "type": "tarball",
        "url": "https://flakehub.com/f/nix-community/fenix/0"
      }
    },
    "nixpkgs": {
      "locked": {
        "lastModified": 1757347588,
        "narHash": "sha256-KcXD4Yc1pLyBaElEQVq/nscnHNrHAIonD75aQSLHL/I=",
        "rev": "2693c600d2be56397aedc6a6e9f7751622f26747",
        "revCount": 858212,
        "type": "tarball",
        "url": "https://api.flakehub.com/f/pinned/DeterminateSystems/secure/0.858212.105/0199a602-da11-75cb-8fb8-21cec238336a/source.tar.gz"
      },
      "original": {
        "type": "tarball",
        "url": "https://flakehub.com/f/DeterminateSystems/secure/0"
      }
    },
    "root": {
      "inputs": {
        "crane": "crane",
        "fenix": "fenix",
        "nixpkgs": "nixpkgs"
      }
    },
    "rust-analyzer-src": {
      "flake": false,
      "locked": {
        "lastModified": 1753974682,
        "narHash": "sha256-Ya4Ecj8JaKkapgYCCybzZBcypXpblhuG0hVDzdy2zyo=",
        "owner": "rust-lang",
        "repo": "rust-analyzer",
        "rev": "68e7ec90bf29c9b17d0dcdb3358de5dee7f4afb5",
        "type": "github"
      },
      "original": {
        "owner": "rust-lang",
        "ref": "nightly",
        "repo": "rust-analyzer",
        "type": "github"
      }
    }
  },
  "root": "root",
  "version": 7
}
